// !$*UTF8*$!
{
	archiveVersion = 1;
	classes = {
	};
	objectVersion = 77;
	objects = {

/* Begin PBXContainerItemProxy section */
		F1B9F8812E1BE44D0074D6F0 /* PBXContainerItemProxy */ = {
			isa = PBXContainerItemProxy;
			containerPortal = F1B9F8622E1BE44B0074D6F0 /* Project object */;
			proxyType = 1;
			remoteGlobalIDString = F1B9F8692E1BE44B0074D6F0;
			remoteInfo = SitboWeatherApp;
		};
		F1B9F88B2E1BE44D0074D6F0 /* PBXContainerItemProxy */ = {
			isa = PBXContainerItemProxy;
			containerPortal = F1B9F8622E1BE44B0074D6F0 /* Project object */;
			proxyType = 1;
			remoteGlobalIDString = F1B9F8692E1BE44B0074D6F0;
			remoteInfo = SitboWeatherApp;
		};
/* End PBXContainerItemProxy section */

/* Begin PBXFileReference section */
		F1B9F86A2E1BE44B0074D6F0 /* SitboWeatherApp.app */ = {isa = PBXFileReference; explicitFileType = wrapper.application; includeInIndex = 0; path = SitboWeatherApp.app; sourceTree = BUILT_PRODUCTS_DIR; };
		F1B9F8802E1BE44D0074D6F0 /* SitboWeatherAppTests.xctest */ = {isa = PBXFileReference; explicitFileType = wrapper.cfbundle; includeInIndex = 0; path = SitboWeatherAppTests.xctest; sourceTree = BUILT_PRODUCTS_DIR; };
		F1B9F88A2E1BE44D0074D6F0 /* SitboWeatherAppUITests.xctest */ = {isa = PBXFileReference; explicitFileType = wrapper.cfbundle; includeInIndex = 0; path = SitboWeatherAppUITests.xctest; sourceTree = BUILT_PRODUCTS_DIR; };
/* End PBXFileReference section */

/* Begin PBXFileSystemSynchronizedBuildFileExceptionSet section */
		F1B9F8922E1BE44D0074D6F0 /* Exceptions for "SitboWeatherApp" folder in "SitboWeatherApp" target */ = {
			isa = PBXFileSystemSynchronizedBuildFileExceptionSet;
			membershipExceptions = (
				Info.plist,
			);
			target = F1B9F8692E1BE44B0074D6F0 /* SitboWeatherApp */;
		};
/* End PBXFileSystemSynchronizedBuildFileExceptionSet section */

/* Begin PBXFileSystemSynchronizedRootGroup section */
		F1B9F86C2E1BE44B0074D6F0 /* SitboWeatherApp */ = {
			isa = PBXFileSystemSynchronizedRootGroup;
			exceptions = (
				F1B9F8922E1BE44D0074D6F0 /* Exceptions for "SitboWeatherApp" folder in "SitboWeatherApp" target */,
			);
			path = SitboWeatherApp;
			sourceTree = "<group>";
		};
		F1B9F8832E1BE44D0074D6F0 /* SitboWeatherAppTests */ = {
			isa = PBXFileSystemSynchronizedRootGroup;
			path = SitboWeatherAppTests;
			sourceTree = "<group>";
		};
		F1B9F88D2E1BE44D0074D6F0 /* SitboWeatherAppUITests */ = {
			isa = PBXFileSystemSynchronizedRootGroup;
			path = SitboWeatherAppUITests;
			sourceTree = "<group>";
		};
/* End PBXFileSystemSynchronizedRootGroup section */

/* Begin PBXFrameworksBuildPhase section */
		F1B9F8672E1BE44B0074D6F0 /* Frameworks */ = {
			isa = PBXFrameworksBuildPhase;
			buildActionMask = 2147483647;
			files = (
			);
			runOnlyForDeploymentPostprocessing = 0;
		};
		F1B9F87D2E1BE44D0074D6F0 /* Frameworks */ = {
			isa = PBXFrameworksBuildPhase;
			buildActionMask = 2147483647;
			files = (
			);
			runOnlyForDeploymentPostprocessing = 0;
		};
		F1B9F8872E1BE44D0074D6F0 /* Frameworks */ = {
			isa = PBXFrameworksBuildPhase;
			buildActionMask = 2147483647;
			files = (
			);
			runOnlyForDeploymentPostprocessing = 0;
		};
/* End PBXFrameworksBuildPhase section */

/* Begin PBXGroup section */
		F1B9F8612E1BE44B0074D6F0 = {
			isa = PBXGroup;
			children = (
				F1B9F86C2E1BE44B0074D6F0 /* SitboWeatherApp */,
				F1B9F8832E1BE44D0074D6F0 /* SitboWeatherAppTests */,
				F1B9F88D2E1BE44D0074D6F0 /* SitboWeatherAppUITests */,
				F1B9F86B2E1BE44B0074D6F0 /* Products */,
			);
			sourceTree = "<group>";
		};
		F1B9F86B2E1BE44B0074D6F0 /* Products */ = {
			isa = PBXGroup;
			children = (
				F1B9F86A2E1BE44B0074D6F0 /* SitboWeatherApp.app */,
				F1B9F8802E1BE44D0074D6F0 /* SitboWeatherAppTests.xctest */,
				F1B9F88A2E1BE44D0074D6F0 /* SitboWeatherAppUITests.xctest */,
			);
			name = Products;
			sourceTree = "<group>";
		};
/* End PBXGroup section */

/* Begin PBXNativeTarget section */
		F1B9F8692E1BE44B0074D6F0 /* SitboWeatherApp */ = {
			isa = PBXNativeTarget;
			buildConfigurationList = F1B9F8932E1BE44D0074D6F0 /* Build configuration list for PBXNativeTarget "SitboWeatherApp" */;
			buildPhases = (
				F1B9F8662E1BE44B0074D6F0 /* Sources */,
				F1B9F8672E1BE44B0074D6F0 /* Frameworks */,
				F1B9F8682E1BE44B0074D6F0 /* Resources */,
			);
			buildRules = (
			);
			dependencies = (
			);
			fileSystemSynchronizedGroups = (
				F1B9F86C2E1BE44B0074D6F0 /* SitboWeatherApp */,
			);
			name = SitboWeatherApp;
			packageProductDependencies = (
			);
			productName = SitboWeatherApp;
			productReference = F1B9F86A2E1BE44B0074D6F0 /* SitboWeatherApp.app */;
			productType = "com.apple.product-type.application";
		};
		F1B9F87F2E1BE44D0074D6F0 /* SitboWeatherAppTests */ = {
			isa = PBXNativeTarget;
			buildConfigurationList = F1B9F8982E1BE44D0074D6F0 /* Build configuration list for PBXNativeTarget "SitboWeatherAppTests" */;
			buildPhases = (
				F1B9F87C2E1BE44D0074D6F0 /* Sources */,
				F1B9F87D2E1BE44D0074D6F0 /* Frameworks */,
				F1B9F87E2E1BE44D0074D6F0 /* Resources */,
			);
			buildRules = (
			);
			dependencies = (
				F1B9F8822E1BE44D0074D6F0 /* PBXTargetDependency */,
			);
			fileSystemSynchronizedGroups = (
				F1B9F8832E1BE44D0074D6F0 /* SitboWeatherAppTests */,
			);
			name = SitboWeatherAppTests;
			packageProductDependencies = (
			);
			productName = SitboWeatherAppTests;
			productReference = F1B9F8802E1BE44D0074D6F0 /* SitboWeatherAppTests.xctest */;
			productType = "com.apple.product-type.bundle.unit-test";
		};
		F1B9F8892E1BE44D0074D6F0 /* SitboWeatherAppUITests */ = {
			isa = PBXNativeTarget;
			buildConfigurationList = F1B9F89B2E1BE44D0074D6F0 /* Build configuration list for PBXNativeTarget "SitboWeatherAppUITests" */;
			buildPhases = (
				F1B9F8862E1BE44D0074D6F0 /* Sources */,
				F1B9F8872E1BE44D0074D6F0 /* Frameworks */,
				F1B9F8882E1BE44D0074D6F0 /* Resources */,
			);
			buildRules = (
			);
			dependencies = (
				F1B9F88C2E1BE44D0074D6F0 /* PBXTargetDependency */,
			);
			fileSystemSynchronizedGroups = (
				F1B9F88D2E1BE44D0074D6F0 /* SitboWeatherAppUITests */,
			);
			name = SitboWeatherAppUITests;
			packageProductDependencies = (
			);
			productName = SitboWeatherAppUITests;
			productReference = F1B9F88A2E1BE44D0074D6F0 /* SitboWeatherAppUITests.xctest */;
			productType = "com.apple.product-type.bundle.ui-testing";
		};
/* End PBXNativeTarget section */

/* Begin PBXProject section */
		F1B9F8622E1BE44B0074D6F0 /* Project object */ = {
			isa = PBXProject;
			attributes = {
				BuildIndependentTargetsInParallel = 1;
				LastSwiftUpdateCheck = 1630;
				LastUpgradeCheck = 1630;
				TargetAttributes = {
					F1B9F8692E1BE44B0074D6F0 = {
						CreatedOnToolsVersion = 16.3;
					};
					F1B9F87F2E1BE44D0074D6F0 = {
						CreatedOnToolsVersion = 16.3;
						TestTargetID = F1B9F8692E1BE44B0074D6F0;
					};
					F1B9F8892E1BE44D0074D6F0 = {
						CreatedOnToolsVersion = 16.3;
						TestTargetID = F1B9F8692E1BE44B0074D6F0;
					};
				};
			};
			buildConfigurationList = F1B9F8652E1BE44B0074D6F0 /* Build configuration list for PBXProject "SitboWeatherApp" */;
			developmentRegion = en;
			hasScannedForEncodings = 0;
			knownRegions = (
				en,
				Base,
			);
			mainGroup = F1B9F8612E1BE44B0074D6F0;
			minimizedProjectReferenceProxies = 1;
			preferredProjectObjectVersion = 77;
			productRefGroup = F1B9F86B2E1BE44B0074D6F0 /* Products */;
			projectDirPath = "";
			projectRoot = "";
			targets = (
				F1B9F8692E1BE44B0074D6F0 /* SitboWeatherApp */,
				F1B9F87F2E1BE44D0074D6F0 /* SitboWeatherAppTests */,
				F1B9F8892E1BE44D0074D6F0 /* SitboWeatherAppUITests */,
			);
		};
/* End PBXProject section */

/* Begin PBXResourcesBuildPhase section */
		F1B9F8682E1BE44B0074D6F0 /* Resources */ = {
			isa = PBXResourcesBuildPhase;
			buildActionMask = 2147483647;
			files = (
			);
			runOnlyForDeploymentPostprocessing = 0;
		};
		F1B9F87E2E1BE44D0074D6F0 /* Resources */ = {
			isa = PBXResourcesBuildPhase;
			buildActionMask = 2147483647;
			files = (
			);
			runOnlyForDeploymentPostprocessing = 0;
		};
		F1B9F8882E1BE44D0074D6F0 /* Resources */ = {
			isa = PBXResourcesBuildPhase;
			buildActionMask = 2147483647;
			files = (
			);
			runOnlyForDeploymentPostprocessing = 0;
		};
/* End PBXResourcesBuildPhase section */

/* Begin PBXSourcesBuildPhase section */
		F1B9F8662E1BE44B0074D6F0 /* Sources */ = {
			isa = PBXSourcesBuildPhase;
			buildActionMask = 2147483647;
			files = (
			);
			runOnlyForDeploymentPostprocessing = 0;
		};
		F1B9F87C2E1BE44D0074D6F0 /* Sources */ = {
			isa = PBXSourcesBuildPhase;
			buildActionMask = 2147483647;
			files = (
			);
			runOnlyForDeploymentPostprocessing = 0;
		};
		F1B9F8862E1BE44D0074D6F0 /* Sources */ = {
			isa = PBXSourcesBuildPhase;
			buildActionMask = 2147483647;
			files = (
			);
			runOnlyForDeploymentPostprocessing = 0;
		};
/* End PBXSourcesBuildPhase section */

/* Begin PBXTargetDependency section */
		F1B9F8822E1BE44D0074D6F0 /* PBXTargetDependency */ = {
			isa = PBXTargetDependency;
			target = F1B9F8692E1BE44B0074D6F0 /* SitboWeatherApp */;
			targetProxy = F1B9F8812E1BE44D0074D6F0 /* PBXContainerItemProxy */;
		};
		F1B9F88C2E1BE44D0074D6F0 /* PBXTargetDependency */ = {
			isa = PBXTargetDependency;
			target = F1B9F8692E1BE44B0074D6F0 /* SitboWeatherApp */;
			targetProxy = F1B9F88B2E1BE44D0074D6F0 /* PBXContainerItemProxy */;
		};
/* End PBXTargetDependency section */

/* Begin XCBuildConfiguration section */
		F1B9F8942E1BE44D0074D6F0 /* Debug */ = {
			isa = XCBuildConfiguration;
			buildSettings = {
				ASSETCATALOG_COMPILER_APPICON_NAME = AppIcon;
				ASSETCATALOG_COMPILER_GLOBAL_ACCENT_COLOR_NAME = AccentColor;
				CODE_SIGN_STYLE = Automatic;
				CURRENT_PROJECT_VERSION = 1;
				DEVELOPMENT_TEAM = AFXYLNW6L3;
				GENERATE_INFOPLIST_FILE = YES;
				INFOPLIST_FILE = SitboWeatherApp/Info.plist;
				INFOPLIST_KEY_NSLocationAlwaysAndWhenInUseUsageDescription = "We use your location to fetch weather info.";
				INFOPLIST_KEY_NSLocationWhenInUseUsageDescription = "We use your location to fetch weather info.";
				INFOPLIST_KEY_UIApplicationSupportsIndirectInputEvents = YES;
				INFOPLIST_KEY_UILaunchStoryboardName = LaunchScreen;
				INFOPLIST_KEY_UISupportedInterfaceOrientations = UIInterfaceOrientationPortrait;
				INFOPLIST_KEY_UISupportedInterfaceOrientations_iPad = "UIInterfaceOrientationLandscapeLeft UIInterfaceOrientationLandscapeRight UIInterfaceOrientationPortrait UIInterfaceOrientationPortraitUpsideDown";
				LD_RUNPATH_SEARCH_PATHS = (
					"$(inherited)",
					"@executable_path/Frameworks",
				);
				MARKETING_VERSION = 1.0;
				PRODUCT_BUNDLE_IDENTIFIER = zauTT.SitboWeatherApp;
				PRODUCT_NAME = "$(TARGET_NAME)";
				SWIFT_EMIT_LOC_STRINGS = YES;
				SWIFT_VERSION = 5.0;
				TARGETED_DEVICE_FAMILY = "1,2";
			};
			name = Debug;
		};
		F1B9F8952E1BE44D0074D6F0 /* Release */ = {
			isa = XCBuildConfiguration;
			buildSettings = {
				ASSETCATALOG_COMPILER_APPICON_NAME = AppIcon;
				ASSETCATALOG_COMPILER_GLOBAL_ACCENT_COLOR_NAME = AccentColor;
				CODE_SIGN_STYLE = Automatic;
				CURRENT_PROJECT_VERSION = 1;
				DEVELOPMENT_TEAM = AFXYLNW6L3;
				GENERATE_INFOPLIST_FILE = YES;
				INFOPLIST_FILE = SitboWeatherApp/Info.plist;
				INFOPLIST_KEY_NSLocationAlwaysAndWhenInUseUsageDescription = "We use your location to fetch weather info.";
				INFOPLIST_KEY_NSLocationWhenInUseUsageDescription = "We use your location to fetch weather info.";
				INFOPLIST_KEY_UIApplicationSupportsIndirectInputEvents = YES;
				INFOPLIST_KEY_UILaunchStoryboardName = LaunchScreen;
				INFOPLIST_KEY_UISupportedInterfaceOrientations = UIInterfaceOrientationPortrait;
				INFOPLIST_KEY_UISupportedInterfaceOrientations_iPad = "UIInterfaceOrientationLandscapeLeft UIInterfaceOrientationLandscapeRight UIInterfaceOrientationPortrait UIInterfaceOrientationPortraitUpsideDown";
				LD_RUNPATH_SEARCH_PATHS = (
					"$(inherited)",
					"@executable_path/Frameworks",
				);
				MARKETING_VERSION = 1.0;
				PRODUCT_BUNDLE_IDENTIFIER = zauTT.SitboWeatherApp;
				PRODUCT_NAME = "$(TARGET_NAME)";
				SWIFT_EMIT_LOC_STRINGS = YES;
				SWIFT_VERSION = 5.0;
				TARGETED_DEVICE_FAMILY = "1,2";
			};
			name = Release;
		};
		F1B9F8962E1BE44D0074D6F0 /* Debug */ = {
			isa = XCBuildConfiguration;
			buildSettings = {
				ALWAYS_SEARCH_USER_PATHS = NO;
				ASSETCATALOG_COMPILER_GENERATE_SWIFT_ASSET_SYMBOL_EXTENSIONS = YES;
				CLANG_ANALYZER_NONNULL = YES;
				CLANG_ANALYZER_NUMBER_OBJECT_CONVERSION = YES_AGGRESSIVE;
				CLANG_CXX_LANGUAGE_STANDARD = "gnu++20";
				CLANG_ENABLE_MODULES = YES;
				CLANG_ENABLE_OBJC_ARC = YES;
				CLANG_ENABLE_OBJC_WEAK = YES;
				CLANG_WARN_BLOCK_CAPTURE_AUTORELEASING = YES;
				CLANG_WARN_BOOL_CONVERSION = YES;
				CLANG_WARN_COMMA = YES;
				CLANG_WARN_CONSTANT_CONVERSION = YES;
				CLANG_WARN_DEPRECATED_OBJC_IMPLEMENTATIONS = YES;
				CLANG_WARN_DIRECT_OBJC_ISA_USAGE = YES_ERROR;
				CLANG_WARN_DOCUMENTATION_COMMENTS = YES;
				CLANG_WARN_EMPTY_BODY = YES;
				CLANG_WARN_ENUM_CONVERSION = YES;
				CLANG_WARN_INFINITE_RECURSION = YES;
				CLANG_WARN_INT_CONVERSION = YES;
				CLANG_WARN_NON_LITERAL_NULL_CONVERSION = YES;
				CLANG_WARN_OBJC_IMPLICIT_RETAIN_SELF = YES;
				CLANG_WARN_OBJC_LITERAL_CONVERSION = YES;
				CLANG_WARN_OBJC_ROOT_CLASS = YES_ERROR;
				CLANG_WARN_QUOTED_INCLUDE_IN_FRAMEWORK_HEADER = YES;
				CLANG_WARN_RANGE_LOOP_ANALYSIS = YES;
				CLANG_WARN_STRICT_PROTOTYPES = YES;
				CLANG_WARN_SUSPICIOUS_MOVE = YES;
				CLANG_WARN_UNGUARDED_AVAILABILITY = YES_AGGRESSIVE;
				CLANG_WARN_UNREACHABLE_CODE = YES;
				CLANG_WARN__DUPLICATE_METHOD_MATCH = YES;
				COPY_PHASE_STRIP = NO;
				DEBUG_INFORMATION_FORMAT = dwarf;
				DEVELOPMENT_TEAM = AFXYLNW6L3;
				ENABLE_STRICT_OBJC_MSGSEND = YES;
				ENABLE_TESTABILITY = YES;
				ENABLE_USER_SCRIPT_SANDBOXING = YES;
				GCC_C_LANGUAGE_STANDARD = gnu17;
				GCC_DYNAMIC_NO_PIC = NO;
				GCC_NO_COMMON_BLOCKS = YES;
				GCC_OPTIMIZATION_LEVEL = 0;
				GCC_PREPROCESSOR_DEFINITIONS = (
					"DEBUG=1",
					"$(inherited)",
				);
				GCC_WARN_64_TO_32_BIT_CONVERSION = YES;
				GCC_WARN_ABOUT_RETURN_TYPE = YES_ERROR;
				GCC_WARN_UNDECLARED_SELECTOR = YES;
				GCC_WARN_UNINITIALIZED_AUTOS = YES_AGGRESSIVE;
				GCC_WARN_UNUSED_FUNCTION = YES;
				GCC_WARN_UNUSED_VARIABLE = YES;
				IPHONEOS_DEPLOYMENT_TARGET = 18.4;
				LOCALIZATION_PREFERS_STRING_CATALOGS = YES;
				MTL_ENABLE_DEBUG_INFO = INCLUDE_SOURCE;
				MTL_FAST_MATH = YES;
				ONLY_ACTIVE_ARCH = YES;
				SDKROOT = iphoneos;
				SWIFT_ACTIVE_COMPILATION_CONDITIONS = "DEBUG $(inherited)";
				SWIFT_OPTIMIZATION_LEVEL = "-Onone";
			};
			name = Debug;
		};
		F1B9F8972E1BE44D0074D6F0 /* Release */ = {
			isa = XCBuildConfiguration;
			buildSettings = {
				ALWAYS_SEARCH_USER_PATHS = NO;
				ASSETCATALOG_COMPILER_GENERATE_SWIFT_ASSET_SYMBOL_EXTENSIONS = YES;
				CLANG_ANALYZER_NONNULL = YES;
				CLANG_ANALYZER_NUMBER_OBJECT_CONVERSION = YES_AGGRESSIVE;
				CLANG_CXX_LANGUAGE_STANDARD = "gnu++20";
				CLANG_ENABLE_MODULES = YES;
				CLANG_ENABLE_OBJC_ARC = YES;
				CLANG_ENABLE_OBJC_WEAK = YES;
				CLANG_WARN_BLOCK_CAPTURE_AUTORELEASING = YES;
				CLANG_WARN_BOOL_CONVERSION = YES;
				CLANG_WARN_COMMA = YES;
				CLANG_WARN_CONSTANT_CONVERSION = YES;
				CLANG_WARN_DEPRECATED_OBJC_IMPLEMENTATIONS = YES;
				CLANG_WARN_DIRECT_OBJC_ISA_USAGE = YES_ERROR;
				CLANG_WARN_DOCUMENTATION_COMMENTS = YES;
				CLANG_WARN_EMPTY_BODY = YES;
				CLANG_WARN_ENUM_CONVERSION = YES;
				CLANG_WARN_INFINITE_RECURSION = YES;
				CLANG_WARN_INT_CONVERSION = YES;
				CLANG_WARN_NON_LITERAL_NULL_CONVERSION = YES;
				CLANG_WARN_OBJC_IMPLICIT_RETAIN_SELF = YES;
				CLANG_WARN_OBJC_LITERAL_CONVERSION = YES;
				CLANG_WARN_OBJC_ROOT_CLASS = YES_ERROR;
				CLANG_WARN_QUOTED_INCLUDE_IN_FRAMEWORK_HEADER = YES;
				CLANG_WARN_RANGE_LOOP_ANALYSIS = YES;
				CLANG_WARN_STRICT_PROTOTYPES = YES;
				CLANG_WARN_SUSPICIOUS_MOVE = YES;
				CLANG_WARN_UNGUARDED_AVAILABILITY = YES_AGGRESSIVE;
				CLANG_WARN_UNREACHABLE_CODE = YES;
				CLANG_WARN__DUPLICATE_METHOD_MATCH = YES;
				COPY_PHASE_STRIP = NO;
				DEBUG_INFORMATION_FORMAT = "dwarf-with-dsym";
				DEVELOPMENT_TEAM = AFXYLNW6L3;
				ENABLE_NS_ASSERTIONS = NO;
				ENABLE_STRICT_OBJC_MSGSEND = YES;
				ENABLE_USER_SCRIPT_SANDBOXING = YES;
				GCC_C_LANGUAGE_STANDARD = gnu17;
				GCC_NO_COMMON_BLOCKS = YES;
				GCC_WARN_64_TO_32_BIT_CONVERSION = YES;
				GCC_WARN_ABOUT_RETURN_TYPE = YES_ERROR;
				GCC_WARN_UNDECLARED_SELECTOR = YES;
				GCC_WARN_UNINITIALIZED_AUTOS = YES_AGGRESSIVE;
				GCC_WARN_UNUSED_FUNCTION = YES;
				GCC_WARN_UNUSED_VARIABLE = YES;
				IPHONEOS_DEPLOYMENT_TARGET = 18.4;
				LOCALIZATION_PREFERS_STRING_CATALOGS = YES;
				MTL_ENABLE_DEBUG_INFO = NO;
				MTL_FAST_MATH = YES;
				SDKROOT = iphoneos;
				SWIFT_COMPILATION_MODE = wholemodule;
				VALIDATE_PRODUCT = YES;
			};
			name = Release;
		};
		F1B9F8992E1BE44D0074D6F0 /* Debug */ = {
			isa = XCBuildConfiguration;
			buildSettings = {
				BUNDLE_LOADER = "$(TEST_HOST)";
				CODE_SIGN_STYLE = Automatic;
				CURRENT_PROJECT_VERSION = 1;
				DEVELOPMENT_TEAM = AFXYLNW6L3;
				GENERATE_INFOPLIST_FILE = YES;
				IPHONEOS_DEPLOYMENT_TARGET = 18.4;
				MARKETING_VERSION = 1.0;
				PRODUCT_BUNDLE_IDENTIFIER = zauTT.SitboWeatherAppTests;
				PRODUCT_NAME = "$(TARGET_NAME)";
				SWIFT_EMIT_LOC_STRINGS = NO;
				SWIFT_VERSION = 5.0;
				TARGETED_DEVICE_FAMILY = "1,2";
				TEST_HOST = "$(BUILT_PRODUCTS_DIR)/SitboWeatherApp.app/$(BUNDLE_EXECUTABLE_FOLDER_PATH)/SitboWeatherApp";
			};
			name = Debug;
		};
		F1B9F89A2E1BE44D0074D6F0 /* Release */ = {
			isa = XCBuildConfiguration;
			buildSettings = {
				BUNDLE_LOADER = "$(TEST_HOST)";
				CODE_SIGN_STYLE = Automatic;
				CURRENT_PROJECT_VERSION = 1;
				DEVELOPMENT_TEAM = AFXYLNW6L3;
				GENERATE_INFOPLIST_FILE = YES;
				IPHONEOS_DEPLOYMENT_TARGET = 18.4;
				MARKETING_VERSION = 1.0;
				PRODUCT_BUNDLE_IDENTIFIER = zauTT.SitboWeatherAppTests;
				PRODUCT_NAME = "$(TARGET_NAME)";
				SWIFT_EMIT_LOC_STRINGS = NO;
				SWIFT_VERSION = 5.0;
				TARGETED_DEVICE_FAMILY = "1,2";
				TEST_HOST = "$(BUILT_PRODUCTS_DIR)/SitboWeatherApp.app/$(BUNDLE_EXECUTABLE_FOLDER_PATH)/SitboWeatherApp";
			};
			name = Release;
		};
		F1B9F89C2E1BE44D0074D6F0 /* Debug */ = {
			isa = XCBuildConfiguration;
			buildSettings = {
				CODE_SIGN_STYLE = Automatic;
				CURRENT_PROJECT_VERSION = 1;
				DEVELOPMENT_TEAM = AFXYLNW6L3;
				GENERATE_INFOPLIST_FILE = YES;
				MARKETING_VERSION = 1.0;
				PRODUCT_BUNDLE_IDENTIFIER = zauTT.SitboWeatherAppUITests;
				PRODUCT_NAME = "$(TARGET_NAME)";
				SWIFT_EMIT_LOC_STRINGS = NO;
				SWIFT_VERSION = 5.0;
				TARGETED_DEVICE_FAMILY = "1,2";
				TEST_TARGET_NAME = SitboWeatherApp;
			};
			name = Debug;
		};
		F1B9F89D2E1BE44D0074D6F0 /* Release */ = {
			isa = XCBuildConfiguration;
			buildSettings = {
				CODE_SIGN_STYLE = Automatic;
				CURRENT_PROJECT_VERSION = 1;
				DEVELOPMENT_TEAM = AFXYLNW6L3;
				GENERATE_INFOPLIST_FILE = YES;
				MARKETING_VERSION = 1.0;
				PRODUCT_BUNDLE_IDENTIFIER = zauTT.SitboWeatherAppUITests;
				PRODUCT_NAME = "$(TARGET_NAME)";
				SWIFT_EMIT_LOC_STRINGS = NO;
				SWIFT_VERSION = 5.0;
				TARGETED_DEVICE_FAMILY = "1,2";
				TEST_TARGET_NAME = SitboWeatherApp;
			};
			name = Release;
		};
/* End XCBuildConfiguration section */

/* Begin XCConfigurationList section */
		F1B9F8652E1BE44B0074D6F0 /* Build configuration list for PBXProject "SitboWeatherApp" */ = {
			isa = XCConfigurationList;
			buildConfigurations = (
				F1B9F8962E1BE44D0074D6F0 /* Debug */,
				F1B9F8972E1BE44D0074D6F0 /* Release */,
			);
			defaultConfigurationIsVisible = 0;
			defaultConfigurationName = Release;
		};
		F1B9F8932E1BE44D0074D6F0 /* Build configuration list for PBXNativeTarget "SitboWeatherApp" */ = {
			isa = XCConfigurationList;
			buildConfigurations = (
				F1B9F8942E1BE44D0074D6F0 /* Debug */,
				F1B9F8952E1BE44D0074D6F0 /* Release */,
			);
			defaultConfigurationIsVisible = 0;
			defaultConfigurationName = Release;
		};
		F1B9F8982E1BE44D0074D6F0 /* Build configuration list for PBXNativeTarget "SitboWeatherAppTests" */ = {
			isa = XCConfigurationList;
			buildConfigurations = (
				F1B9F8992E1BE44D0074D6F0 /* Debug */,
				F1B9F89A2E1BE44D0074D6F0 /* Release */,
			);
			defaultConfigurationIsVisible = 0;
			defaultConfigurationName = Release;
		};
		F1B9F89B2E1BE44D0074D6F0 /* Build configuration list for PBXNativeTarget "SitboWeatherAppUITests" */ = {
			isa = XCConfigurationList;
			buildConfigurations = (
				F1B9F89C2E1BE44D0074D6F0 /* Debug */,
				F1B9F89D2E1BE44D0074D6F0 /* Release */,
			);
			defaultConfigurationIsVisible = 0;
			defaultConfigurationName = Release;
		};
/* End XCConfigurationList section */
	};
	rootObject = F1B9F8622E1BE44B0074D6F0 /* Project object */;
}
